
Microsoft Visual Studio Solution File, Format Version 12.00
# Visual Studio Version 17
VisualStudioVersion = 17.5.002.0
MinimumVisualStudioVersion = 10.0.40219.1
Project("{9A19103F-16F7-4668-BE54-9A1E7A4F7556}") = "ReservationApi", "ReservationApi.csproj", "{CE641F4B-EE01-4E43-BBB9-1538A6E56BA7}"
EndProject
Global
	GlobalSection(SolutionConfigurationPlatforms) = preSolution
		Debug|Any CPU = Debug|Any CPU
		Release|Any CPU = Release|Any CPU
	EndGlobalSection
	GlobalSection(ProjectConfigurationPlatforms) = postSolution
		{CE641F4B-EE01-4E43-BBB9-1538A6E56BA7}.Debug|Any CPU.ActiveCfg = Debug|Any CPU
		{CE641F4B-EE01-4E43-BBB9-1538A6E56BA7}.Debug|Any CPU.Build.0 = Debug|Any CPU
		{CE641F4B-EE01-4E43-BBB9-1538A6E56BA7}.Release|Any CPU.ActiveCfg = Release|Any CPU
		{CE641F4B-EE01-4E43-BBB9-1538A6E56BA7}.Release|Any CPU.Build.0 = Release|Any CPU
	EndGlobalSection
	GlobalSection(SolutionProperties) = preSolution
		HideSolutionNode = FALSE
	EndGlobalSection
	GlobalSection(ExtensibilityGlobals) = postSolution
		SolutionGuid = {0B12297F-9BDF-4050-9D1D-03AB4B5DBD4B}
	EndGlobalSection
EndGlobal
